// !$*UTF8*$!
{
	archiveVersion = 1;
	classes = {
	};
	objectVersion = 50;
	objects = {

/* Begin PBXBuildFile section */
		9670DA4421833EF800B9BC86 /* AppDelegate.swift in Sources */ = {isa = PBXBuildFile; fileRef = 9670DA4321833EF800B9BC86 /* AppDelegate.swift */; };
		9670DA4621833EF800B9BC86 /* ViewController.swift in Sources */ = {isa = PBXBuildFile; fileRef = 9670DA4521833EF800B9BC86 /* ViewController.swift */; };
		9670DA4921833EF800B9BC86 /* Main.storyboard in Resources */ = {isa = PBXBuildFile; fileRef = 9670DA4721833EF800B9BC86 /* Main.storyboard */; };
		9670DA4C21833EF800B9BC86 /* LureMe.xcdatamodeld in Sources */ = {isa = PBXBuildFile; fileRef = 9670DA4A21833EF800B9BC86 /* LureMe.xcdatamodeld */; };
		9670DA4E21833F0100B9BC86 /* Assets.xcassets in Resources */ = {isa = PBXBuildFile; fileRef = 9670DA4D21833F0100B9BC86 /* Assets.xcassets */; };
		9670DA5121833F0100B9BC86 /* LaunchScreen.storyboard in Resources */ = {isa = PBXBuildFile; fileRef = 9670DA4F21833F0100B9BC86 /* LaunchScreen.storyboard */; };
		9670DA5C21833F0100B9BC86 /* LureMeTests.swift in Sources */ = {isa = PBXBuildFile; fileRef = 9670DA5B21833F0100B9BC86 /* LureMeTests.swift */; };
		9670DA6721833F0100B9BC86 /* LureMeUITests.swift in Sources */ = {isa = PBXBuildFile; fileRef = 9670DA6621833F0100B9BC86 /* LureMeUITests.swift */; };
/* End PBXBuildFile section */

/* Begin PBXContainerItemProxy section */
		9670DA5821833F0100B9BC86 /* PBXContainerItemProxy */ = {
			isa = PBXContainerItemProxy;
			containerPortal = 9670DA3821833EF700B9BC86 /* Project object */;
			proxyType = 1;
			remoteGlobalIDString = 9670DA3F21833EF800B9BC86;
			remoteInfo = LureMe;
		};
		9670DA6321833F0100B9BC86 /* PBXContainerItemProxy */ = {
			isa = PBXContainerItemProxy;
			containerPortal = 9670DA3821833EF700B9BC86 /* Project object */;
			proxyType = 1;
			remoteGlobalIDString = 9670DA3F21833EF800B9BC86;
			remoteInfo = LureMe;
		};
/* End PBXContainerItemProxy section */

/* Begin PBXFileReference section */
		9670DA4021833EF800B9BC86 /* LureMe.app */ = {isa = PBXFileReference; explicitFileType = wrapper.application; includeInIndex = 0; path = LureMe.app; sourceTree = BUILT_PRODUCTS_DIR; };
		9670DA4321833EF800B9BC86 /* AppDelegate.swift */ = {isa = PBXFileReference; lastKnownFileType = sourcecode.swift; path = AppDelegate.swift; sourceTree = "<group>"; };
		9670DA4521833EF800B9BC86 /* ViewController.swift */ = {isa = PBXFileReference; lastKnownFileType = sourcecode.swift; path = ViewController.swift; sourceTree = "<group>"; };
		9670DA4821833EF800B9BC86 /* Base */ = {isa = PBXFileReference; lastKnownFileType = file.storyboard; name = Base; path = Base.lproj/Main.storyboard; sourceTree = "<group>"; };
		9670DA4B21833EF800B9BC86 /* LureMe.xcdatamodel */ = {isa = PBXFileReference; lastKnownFileType = wrapper.xcdatamodel; path = LureMe.xcdatamodel; sourceTree = "<group>"; };
		9670DA4D21833F0100B9BC86 /* Assets.xcassets */ = {isa = PBXFileReference; lastKnownFileType = folder.assetcatalog; path = Assets.xcassets; sourceTree = "<group>"; };
		9670DA5021833F0100B9BC86 /* Base */ = {isa = PBXFileReference; lastKnownFileType = file.storyboard; name = Base; path = Base.lproj/LaunchScreen.storyboard; sourceTree = "<group>"; };
		9670DA5221833F0100B9BC86 /* Info.plist */ = {isa = PBXFileReference; lastKnownFileType = text.plist.xml; path = Info.plist; sourceTree = "<group>"; };
		9670DA5721833F0100B9BC86 /* LureMeTests.xctest */ = {isa = PBXFileReference; explicitFileType = wrapper.cfbundle; includeInIndex = 0; path = LureMeTests.xctest; sourceTree = BUILT_PRODUCTS_DIR; };
		9670DA5B21833F0100B9BC86 /* LureMeTests.swift */ = {isa = PBXFileReference; lastKnownFileType = sourcecode.swift; path = LureMeTests.swift; sourceTree = "<group>"; };
		9670DA5D21833F0100B9BC86 /* Info.plist */ = {isa = PBXFileReference; lastKnownFileType = text.plist.xml; path = Info.plist; sourceTree = "<group>"; };
		9670DA6221833F0100B9BC86 /* LureMeUITests.xctest */ = {isa = PBXFileReference; explicitFileType = wrapper.cfbundle; includeInIndex = 0; path = LureMeUITests.xctest; sourceTree = BUILT_PRODUCTS_DIR; };
		9670DA6621833F0100B9BC86 /* LureMeUITests.swift */ = {isa = PBXFileReference; lastKnownFileType = sourcecode.swift; path = LureMeUITests.swift; sourceTree = "<group>"; };
		9670DA6821833F0100B9BC86 /* Info.plist */ = {isa = PBXFileReference; lastKnownFileType = text.plist.xml; path = Info.plist; sourceTree = "<group>"; };
/* End PBXFileReference section */

/* Begin PBXFrameworksBuildPhase section */
		9670DA3D21833EF800B9BC86 /* Frameworks */ = {
			isa = PBXFrameworksBuildPhase;
			buildActionMask = 2147483647;
			files = (
			);
			runOnlyForDeploymentPostprocessing = 0;
		};
		9670DA5421833F0100B9BC86 /* Frameworks */ = {
			isa = PBXFrameworksBuildPhase;
			buildActionMask = 2147483647;
			files = (
			);
			runOnlyForDeploymentPostprocessing = 0;
		};
		9670DA5F21833F0100B9BC86 /* Frameworks */ = {
			isa = PBXFrameworksBuildPhase;
			buildActionMask = 2147483647;
			files = (
			);
			runOnlyForDeploymentPostprocessing = 0;
		};
/* End PBXFrameworksBuildPhase section */

/* Begin PBXGroup section */
		9670DA3721833EF700B9BC86 = {
			isa = PBXGroup;
			children = (
				9670DA4221833EF800B9BC86 /* LureMe */,
				9670DA5A21833F0100B9BC86 /* LureMeTests */,
				9670DA6521833F0100B9BC86 /* LureMeUITests */,
				9670DA4121833EF800B9BC86 /* Products */,
			);
			sourceTree = "<group>";
		};
		9670DA4121833EF800B9BC86 /* Products */ = {
			isa = PBXGroup;
			children = (
				9670DA4021833EF800B9BC86 /* LureMe.app */,
				9670DA5721833F0100B9BC86 /* LureMeTests.xctest */,
				9670DA6221833F0100B9BC86 /* LureMeUITests.xctest */,
			);
			name = Products;
			sourceTree = "<group>";
		};
		9670DA4221833EF800B9BC86 /* LureMe */ = {
			isa = PBXGroup;
			children = (
				9670DA4321833EF800B9BC86 /* AppDelegate.swift */,
				9670DA4521833EF800B9BC86 /* ViewController.swift */,
				9670DA4721833EF800B9BC86 /* Main.storyboard */,
				9670DA4D21833F0100B9BC86 /* Assets.xcassets */,
				9670DA4F21833F0100B9BC86 /* LaunchScreen.storyboard */,
				9670DA5221833F0100B9BC86 /* Info.plist */,
				9670DA4A21833EF800B9BC86 /* LureMe.xcdatamodeld */,
			);
			path = LureMe;
			sourceTree = "<group>";
		};
		9670DA5A21833F0100B9BC86 /* LureMeTests */ = {
			isa = PBXGroup;
			children = (
				9670DA5B21833F0100B9BC86 /* LureMeTests.swift */,
				9670DA5D21833F0100B9BC86 /* Info.plist */,
			);
			path = LureMeTests;
			sourceTree = "<group>";
		};
		9670DA6521833F0100B9BC86 /* LureMeUITests */ = {
			isa = PBXGroup;
			children = (
				9670DA6621833F0100B9BC86 /* LureMeUITests.swift */,
				9670DA6821833F0100B9BC86 /* Info.plist */,
			);
			path = LureMeUITests;
			sourceTree = "<group>";
		};
/* End PBXGroup section */

/* Begin PBXNativeTarget section */
		9670DA3F21833EF800B9BC86 /* LureMe */ = {
			isa = PBXNativeTarget;
			buildConfigurationList = 9670DA6B21833F0100B9BC86 /* Build configuration list for PBXNativeTarget "LureMe" */;
			buildPhases = (
				9670DA3C21833EF800B9BC86 /* Sources */,
				9670DA3D21833EF800B9BC86 /* Frameworks */,
				9670DA3E21833EF800B9BC86 /* Resources */,
			);
			buildRules = (
			);
			dependencies = (
			);
			name = LureMe;
			productName = LureMe;
			productReference = 9670DA4021833EF800B9BC86 /* LureMe.app */;
			productType = "com.apple.product-type.application";
		};
		9670DA5621833F0100B9BC86 /* LureMeTests */ = {
			isa = PBXNativeTarget;
			buildConfigurationList = 9670DA6E21833F0100B9BC86 /* Build configuration list for PBXNativeTarget "LureMeTests" */;
			buildPhases = (
				9670DA5321833F0100B9BC86 /* Sources */,
				9670DA5421833F0100B9BC86 /* Frameworks */,
				9670DA5521833F0100B9BC86 /* Resources */,
			);
			buildRules = (
			);
			dependencies = (
				9670DA5921833F0100B9BC86 /* PBXTargetDependency */,
			);
			name = LureMeTests;
			productName = LureMeTests;
			productReference = 9670DA5721833F0100B9BC86 /* LureMeTests.xctest */;
			productType = "com.apple.product-type.bundle.unit-test";
		};
		9670DA6121833F0100B9BC86 /* LureMeUITests */ = {
			isa = PBXNativeTarget;
			buildConfigurationList = 9670DA7121833F0100B9BC86 /* Build configuration list for PBXNativeTarget "LureMeUITests" */;
			buildPhases = (
				9670DA5E21833F0100B9BC86 /* Sources */,
				9670DA5F21833F0100B9BC86 /* Frameworks */,
				9670DA6021833F0100B9BC86 /* Resources */,
			);
			buildRules = (
			);
			dependencies = (
				9670DA6421833F0100B9BC86 /* PBXTargetDependency */,
			);
			name = LureMeUITests;
			productName = LureMeUITests;
			productReference = 9670DA6221833F0100B9BC86 /* LureMeUITests.xctest */;
			productType = "com.apple.product-type.bundle.ui-testing";
		};
/* End PBXNativeTarget section */

/* Begin PBXProject section */
		9670DA3821833EF700B9BC86 /* Project object */ = {
			isa = PBXProject;
			attributes = {
				LastSwiftUpdateCheck = 0940;
				LastUpgradeCheck = 0940;
				ORGANIZATIONNAME = VirtualEmployee;
				TargetAttributes = {
					9670DA3F21833EF800B9BC86 = {
						CreatedOnToolsVersion = 9.4.1;
					};
					9670DA5621833F0100B9BC86 = {
						CreatedOnToolsVersion = 9.4.1;
						TestTargetID = 9670DA3F21833EF800B9BC86;
					};
					9670DA6121833F0100B9BC86 = {
						CreatedOnToolsVersion = 9.4.1;
						TestTargetID = 9670DA3F21833EF800B9BC86;
					};
				};
			};
			buildConfigurationList = 9670DA3B21833EF700B9BC86 /* Build configuration list for PBXProject "LureMe" */;
			compatibilityVersion = "Xcode 9.3";
			developmentRegion = en;
			hasScannedForEncodings = 0;
			knownRegions = (
				en,
				Base,
			);
			mainGroup = 9670DA3721833EF700B9BC86;
			productRefGroup = 9670DA4121833EF800B9BC86 /* Products */;
			projectDirPath = "";
			projectRoot = "";
			targets = (
				9670DA3F21833EF800B9BC86 /* LureMe */,
				9670DA5621833F0100B9BC86 /* LureMeTests */,
				9670DA6121833F0100B9BC86 /* LureMeUITests */,
			);
		};
/* End PBXProject section */

/* Begin PBXResourcesBuildPhase section */
		9670DA3E21833EF800B9BC86 /* Resources */ = {
			isa = PBXResourcesBuildPhase;
			buildActionMask = 2147483647;
			files = (
				9670DA5121833F0100B9BC86 /* LaunchScreen.storyboard in Resources */,
				9670DA4E21833F0100B9BC86 /* Assets.xcassets in Resources */,
				9670DA4921833EF800B9BC86 /* Main.storyboard in Resources */,
			);
			runOnlyForDeploymentPostprocessing = 0;
		};
		9670DA5521833F0100B9BC86 /* Resources */ = {
			isa = PBXResourcesBuildPhase;
			buildActionMask = 2147483647;
			files = (
			);
			runOnlyForDeploymentPostprocessing = 0;
		};
		9670DA6021833F0100B9BC86 /* Resources */ = {
			isa = PBXResourcesBuildPhase;
			buildActionMask = 2147483647;
			files = (
			);
			runOnlyForDeploymentPostprocessing = 0;
		};
/* End PBXResourcesBuildPhase section */

/* Begin PBXSourcesBuildPhase section */
		9670DA3C21833EF800B9BC86 /* Sources */ = {
			isa = PBXSourcesBuildPhase;
			buildActionMask = 2147483647;
			files = (
				9670DA4621833EF800B9BC86 /* ViewController.swift in Sources */,
				9670DA4C21833EF800B9BC86 /* LureMe.xcdatamodeld in Sources */,
				9670DA4421833EF800B9BC86 /* AppDelegate.swift in Sources */,
			);
			runOnlyForDeploymentPostprocessing = 0;
		};
		9670DA5321833F0100B9BC86 /* Sources */ = {
			isa = PBXSourcesBuildPhase;
			buildActionMask = 2147483647;
			files = (
				9670DA5C21833F0100B9BC86 /* LureMeTests.swift in Sources */,
			);
			runOnlyForDeploymentPostprocessing = 0;
		};
		9670DA5E21833F0100B9BC86 /* Sources */ = {
			isa = PBXSourcesBuildPhase;
			buildActionMask = 2147483647;
			files = (
				9670DA6721833F0100B9BC86 /* LureMeUITests.swift in Sources */,
			);
			runOnlyForDeploymentPostprocessing = 0;
		};
/* End PBXSourcesBuildPhase section */

/* Begin PBXTargetDependency section */
		9670DA5921833F0100B9BC86 /* PBXTargetDependency */ = {
			isa = PBXTargetDependency;
			target = 9670DA3F21833EF800B9BC86 /* LureMe */;
			targetProxy = 9670DA5821833F0100B9BC86 /* PBXContainerItemProxy */;
		};
		9670DA6421833F0100B9BC86 /* PBXTargetDependency */ = {
			isa = PBXTargetDependency;
			target = 9670DA3F21833EF800B9BC86 /* LureMe */;
			targetProxy = 9670DA6321833F0100B9BC86 /* PBXContainerItemProxy */;
		};
/* End PBXTargetDependency section */

/* Begin PBXVariantGroup section */
		9670DA4721833EF800B9BC86 /* Main.storyboard */ = {
			isa = PBXVariantGroup;
			children = (
				9670DA4821833EF800B9BC86 /* Base */,
			);
			name = Main.storyboard;
			sourceTree = "<group>";
		};
		9670DA4F21833F0100B9BC86 /* LaunchScreen.storyboard */ = {
			isa = PBXVariantGroup;
			children = (
				9670DA5021833F0100B9BC86 /* Base */,
			);
			name = LaunchScreen.storyboard;
			sourceTree = "<group>";
		};
/* End PBXVariantGroup section */

/* Begin XCBuildConfiguration section */
		9670DA6921833F0100B9BC86 /* Debug */ = {
			isa = XCBuildConfiguration;
			buildSettings = {
				ALWAYS_SEARCH_USER_PATHS = NO;
				CLANG_ANALYZER_NONNULL = YES;
				CLANG_ANALYZER_NUMBER_OBJECT_CONVERSION = YES_AGGRESSIVE;
				CLANG_CXX_LANGUAGE_STANDARD = "gnu++14";
				CLANG_CXX_LIBRARY = "libc++";
				CLANG_ENABLE_MODULES = YES;
				CLANG_ENABLE_OBJC_ARC = YES;
				CLANG_ENABLE_OBJC_WEAK = YES;
				CLANG_WARN_BLOCK_CAPTURE_AUTORELEASING = YES;
				CLANG_WARN_BOOL_CONVERSION = YES;
				CLANG_WARN_COMMA = YES;
				CLANG_WARN_CONSTANT_CONVERSION = YES;
				CLANG_WARN_DEPRECATED_OBJC_IMPLEMENTATIONS = YES;
				CLANG_WARN_DIRECT_OBJC_ISA_USAGE = YES_ERROR;
				CLANG_WARN_DOCUMENTATION_COMMENTS = YES;
				CLANG_WARN_EMPTY_BODY = YES;
				CLANG_WARN_ENUM_CONVERSION = YES;
				CLANG_WARN_INFINITE_RECURSION = YES;
				CLANG_WARN_INT_CONVERSION = YES;
				CLANG_WARN_NON_LITERAL_NULL_CONVERSION = YES;
				CLANG_WARN_OBJC_IMPLICIT_RETAIN_SELF = YES;
				CLANG_WARN_OBJC_LITERAL_CONVERSION = YES;
				CLANG_WARN_OBJC_ROOT_CLASS = YES_ERROR;
				CLANG_WARN_RANGE_LOOP_ANALYSIS = YES;
				CLANG_WARN_STRICT_PROTOTYPES = YES;
				CLANG_WARN_SUSPICIOUS_MOVE = YES;
				CLANG_WARN_UNGUARDED_AVAILABILITY = YES_AGGRESSIVE;
				CLANG_WARN_UNREACHABLE_CODE = YES;
				CLANG_WARN__DUPLICATE_METHOD_MATCH = YES;
				CODE_SIGN_IDENTITY = "iPhone Developer";
				COPY_PHASE_STRIP = NO;
				DEBUG_INFORMATION_FORMAT = dwarf;
				ENABLE_STRICT_OBJC_MSGSEND = YES;
				ENABLE_TESTABILITY = YES;
				GCC_C_LANGUAGE_STANDARD = gnu11;
				GCC_DYNAMIC_NO_PIC = NO;
				GCC_NO_COMMON_BLOCKS = YES;
				GCC_OPTIMIZATION_LEVEL = 0;
				GCC_PREPROCESSOR_DEFINITIONS = (
					"DEBUG=1",
					"$(inherited)",
				);
				GCC_WARN_64_TO_32_BIT_CONVERSION = YES;
				GCC_WARN_ABOUT_RETURN_TYPE = YES_ERROR;
				GCC_WARN_UNDECLARED_SELECTOR = YES;
				GCC_WARN_UNINITIALIZED_AUTOS = YES_AGGRESSIVE;
				GCC_WARN_UNUSED_FUNCTION = YES;
				GCC_WARN_UNUSED_VARIABLE = YES;
				IPHONEOS_DEPLOYMENT_TARGET = 11.4;
				MTL_ENABLE_DEBUG_INFO = YES;
				ONLY_ACTIVE_ARCH = YES;
				SDKROOT = iphoneos;
				SWIFT_ACTIVE_COMPILATION_CONDITIONS = DEBUG;
				SWIFT_OPTIMIZATION_LEVEL = "-Onone";
			};
			name = Debug;
		};
		9670DA6A21833F0100B9BC86 /* Release */ = {
			isa = XCBuildConfiguration;
			buildSettings = {
				ALWAYS_SEARCH_USER_PATHS = NO;
				CLANG_ANALYZER_NONNULL = YES;
				CLANG_ANALYZER_NUMBER_OBJECT_CONVERSION = YES_AGGRESSIVE;
				CLANG_CXX_LANGUAGE_STANDARD = "gnu++14";
				CLANG_CXX_LIBRARY = "libc++";
				CLANG_ENABLE_MODULES = YES;
				CLANG_ENABLE_OBJC_ARC = YES;
				CLANG_ENABLE_OBJC_WEAK = YES;
				CLANG_WARN_BLOCK_CAPTURE_AUTORELEASING = YES;
				CLANG_WARN_BOOL_CONVERSION = YES;
				CLANG_WARN_COMMA = YES;
				CLANG_WARN_CONSTANT_CONVERSION = YES;
				CLANG_WARN_DEPRECATED_OBJC_IMPLEMENTATIONS = YES;
				CLANG_WARN_DIRECT_OBJC_ISA_USAGE = YES_ERROR;
				CLANG_WARN_DOCUMENTATION_COMMENTS = YES;
				CLANG_WARN_EMPTY_BODY = YES;
				CLANG_WARN_ENUM_CONVERSION = YES;
				CLANG_WARN_INFINITE_RECURSION = YES;
				CLANG_WARN_INT_CONVERSION = YES;
				CLANG_WARN_NON_LITERAL_NULL_CONVERSION = YES;
				CLANG_WARN_OBJC_IMPLICIT_RETAIN_SELF = YES;
				CLANG_WARN_OBJC_LITERAL_CONVERSION = YES;
				CLANG_WARN_OBJC_ROOT_CLASS = YES_ERROR;
				CLANG_WARN_RANGE_LOOP_ANALYSIS = YES;
				CLANG_WARN_STRICT_PROTOTYPES = YES;
				CLANG_WARN_SUSPICIOUS_MOVE = YES;
				CLANG_WARN_UNGUARDED_AVAILABILITY = YES_AGGRESSIVE;
				CLANG_WARN_UNREACHABLE_CODE = YES;
				CLANG_WARN__DUPLICATE_METHOD_MATCH = YES;
				CODE_SIGN_IDENTITY = "iPhone Developer";
				COPY_PHASE_STRIP = NO;
				DEBUG_INFORMATION_FORMAT = "dwarf-with-dsym";
				ENABLE_NS_ASSERTIONS = NO;
				ENABLE_STRICT_OBJC_MSGSEND = YES;
				GCC_C_LANGUAGE_STANDARD = gnu11;
				GCC_NO_COMMON_BLOCKS = YES;
				GCC_WARN_64_TO_32_BIT_CONVERSION = YES;
				GCC_WARN_ABOUT_RETURN_TYPE = YES_ERROR;
				GCC_WARN_UNDECLARED_SELECTOR = YES;
				GCC_WARN_UNINITIALIZED_AUTOS = YES_AGGRESSIVE;
				GCC_WARN_UNUSED_FUNCTION = YES;
				GCC_WARN_UNUSED_VARIABLE = YES;
				IPHONEOS_DEPLOYMENT_TARGET = 11.4;
				MTL_ENABLE_DEBUG_INFO = NO;
				SDKROOT = iphoneos;
				SWIFT_COMPILATION_MODE = wholemodule;
				SWIFT_OPTIMIZATION_LEVEL = "-O";
				VALIDATE_PRODUCT = YES;
			};
			name = Release;
		};
		9670DA6C21833F0100B9BC86 /* Debug */ = {
			isa = XCBuildConfiguration;
			buildSettings = {
				ASSETCATALOG_COMPILER_APPICON_NAME = AppIcon;
				CODE_SIGN_STYLE = Automatic;
				DEVELOPMENT_TEAM = 7986UXK74B;
				INFOPLIST_FILE = LureMe/Info.plist;
				LD_RUNPATH_SEARCH_PATHS = (
					"$(inherited)",
					"@executable_path/Frameworks",
				);
				PRODUCT_BUNDLE_IDENTIFIER = com.ve..LureMe;
				PRODUCT_NAME = "$(TARGET_NAME)";
				SWIFT_VERSION = 4.0;
				TARGETED_DEVICE_FAMILY = "1,2";
			};
			name = Debug;
		};
		9670DA6D21833F0100B9BC86 /* Release */ = {
			isa = XCBuildConfiguration;
			buildSettings = {
				ASSETCATALOG_COMPILER_APPICON_NAME = AppIcon;
				CODE_SIGN_STYLE = Automatic;
				DEVELOPMENT_TEAM = 7986UXK74B;
				INFOPLIST_FILE = LureMe/Info.plist;
				LD_RUNPATH_SEARCH_PATHS = (
					"$(inherited)",
					"@executable_path/Frameworks",
				);
				PRODUCT_BUNDLE_IDENTIFIER = com.ve..LureMe;
				PRODUCT_NAME = "$(TARGET_NAME)";
				SWIFT_VERSION = 4.0;
				TARGETED_DEVICE_FAMILY = "1,2";
			};
			name = Release;
		};
		9670DA6F21833F0100B9BC86 /* Debug */ = {
			isa = XCBuildConfiguration;
			buildSettings = {
				ALWAYS_EMBED_SWIFT_STANDARD_LIBRARIES = YES;
				BUNDLE_LOADER = "$(TEST_HOST)";
				CODE_SIGN_STYLE = Automatic;
				DEVELOPMENT_TEAM = 7986UXK74B;
				INFOPLIST_FILE = LureMeTests/Info.plist;
				LD_RUNPATH_SEARCH_PATHS = (
					"$(inherited)",
					"@executable_path/Frameworks",
					"@loader_path/Frameworks",
				);
				PRODUCT_BUNDLE_IDENTIFIER = com.ve..LureMeTests;
				PRODUCT_NAME = "$(TARGET_NAME)";
				SWIFT_VERSION = 4.0;
				TARGETED_DEVICE_FAMILY = "1,2";
				TEST_HOST = "$(BUILT_PRODUCTS_DIR)/LureMe.app/LureMe";
			};
			name = Debug;
		};
		9670DA7021833F0100B9BC86 /* Release */ = {
			isa = XCBuildConfiguration;
			buildSettings = {
				ALWAYS_EMBED_SWIFT_STANDARD_LIBRARIES = YES;
				BUNDLE_LOADER = "$(TEST_HOST)";
				CODE_SIGN_STYLE = Automatic;
				DEVELOPMENT_TEAM = 7986UXK74B;
				INFOPLIST_FILE = LureMeTests/Info.plist;
				LD_RUNPATH_SEARCH_PATHS = (
					"$(inherited)",
					"@executable_path/Frameworks",
					"@loader_path/Frameworks",
				);
				PRODUCT_BUNDLE_IDENTIFIER = com.ve..LureMeTests;
				PRODUCT_NAME = "$(TARGET_NAME)";
				SWIFT_VERSION = 4.0;
				TARGETED_DEVICE_FAMILY = "1,2";
				TEST_HOST = "$(BUILT_PRODUCTS_DIR)/LureMe.app/LureMe";
			};
			name = Release;
		};
		9670DA7221833F0100B9BC86 /* Debug */ = {
			isa = XCBuildConfiguration;
			buildSettings = {
				ALWAYS_EMBED_SWIFT_STANDARD_LIBRARIES = YES;
				CODE_SIGN_STYLE = Automatic;
				DEVELOPMENT_TEAM = 7986UXK74B;
				INFOPLIST_FILE = LureMeUITests/Info.plist;
				LD_RUNPATH_SEARCH_PATHS = (
					"$(inherited)",
					"@executable_path/Frameworks",
					"@loader_path/Frameworks",
				);
				PRODUCT_BUNDLE_IDENTIFIER = com.ve..LureMeUITests;
				PRODUCT_NAME = "$(TARGET_NAME)";
				SWIFT_VERSION = 4.0;
				TARGETED_DEVICE_FAMILY = "1,2";
				TEST_TARGET_NAME = LureMe;
			};
			name = Debug;
		};
		9670DA7321833F0100B9BC86 /* Release */ = {
			isa = XCBuildConfiguration;
			buildSettings = {
				ALWAYS_EMBED_SWIFT_STANDARD_LIBRARIES = YES;
				CODE_SIGN_STYLE = Automatic;
				DEVELOPMENT_TEAM = 7986UXK74B;
				INFOPLIST_FILE = LureMeUITests/Info.plist;
				LD_RUNPATH_SEARCH_PATHS = (
					"$(inherited)",
					"@executable_path/Frameworks",
					"@loader_path/Frameworks",
				);
				PRODUCT_BUNDLE_IDENTIFIER = com.ve..LureMeUITests;
				PRODUCT_NAME = "$(TARGET_NAME)";
				SWIFT_VERSION = 4.0;
				TARGETED_DEVICE_FAMILY = "1,2";
				TEST_TARGET_NAME = LureMe;
			};
			name = Release;
		};
/* End XCBuildConfiguration section */

/* Begin XCConfigurationList section */
		9670DA3B21833EF700B9BC86 /* Build configuration list for PBXProject "LureMe" */ = {
			isa = XCConfigurationList;
			buildConfigurations = (
				9670DA6921833F0100B9BC86 /* Debug */,
				9670DA6A21833F0100B9BC86 /* Release */,
			);
			defaultConfigurationIsVisible = 0;
			defaultConfigurationName = Release;
		};
		9670DA6B21833F0100B9BC86 /* Build configuration list for PBXNativeTarget "LureMe" */ = {
			isa = XCConfigurationList;
			buildConfigurations = (
				9670DA6C21833F0100B9BC86 /* Debug */,
				9670DA6D21833F0100B9BC86 /* Release */,
			);
			defaultConfigurationIsVisible = 0;
			defaultConfigurationName = Release;
		};
		9670DA6E21833F0100B9BC86 /* Build configuration list for PBXNativeTarget "LureMeTests" */ = {
			isa = XCConfigurationList;
			buildConfigurations = (
				9670DA6F21833F0100B9BC86 /* Debug */,
				9670DA7021833F0100B9BC86 /* Release */,
			);
			defaultConfigurationIsVisible = 0;
			defaultConfigurationName = Release;
		};
		9670DA7121833F0100B9BC86 /* Build configuration list for PBXNativeTarget "LureMeUITests" */ = {
			isa = XCConfigurationList;
			buildConfigurations = (
				9670DA7221833F0100B9BC86 /* Debug */,
				9670DA7321833F0100B9BC86 /* Release */,
			);
			defaultConfigurationIsVisible = 0;
			defaultConfigurationName = Release;
		};
/* End XCConfigurationList section */

/* Begin XCVersionGroup section */
		9670DA4A21833EF800B9BC86 /* LureMe.xcdatamodeld */ = {
			isa = XCVersionGroup;
			children = (
				9670DA4B21833EF800B9BC86 /* LureMe.xcdatamodel */,
			);
			currentVersion = 9670DA4B21833EF800B9BC86 /* LureMe.xcdatamodel */;
			path = LureMe.xcdatamodeld;
			sourceTree = "<group>";
			versionGroupType = wrapper.xcdatamodel;
		};
/* End XCVersionGroup section */
	};
	rootObject = 9670DA3821833EF700B9BC86 /* Project object */;
}
